
Microsoft Visual Studio Solution File, Format Version 12.00
# Visual Studio Version 16
VisualStudioVersion = 16.0.31702.278
MinimumVisualStudioVersion = 10.0.40219.1
Project("{9A19103F-16F7-4668-BE54-9A1E7A4F7556}") = "CWTest.Ui.WPF", "CWTest.Ui.WPF\CWTest.Ui.WPF.csproj", "{2AE8F3CF-12A3-4E06-90CD-DA736D4FCF54}"
EndProject
Project("{9A19103F-16F7-4668-BE54-9A1E7A4F7556}") = "CWTest.Core", "CWTest.Core\CWTest.Core.csproj", "{57928386-773B-42FA-8637-E049BCB5229E}"
EndProject
Project("{9A19103F-16F7-4668-BE54-9A1E7A4F7556}") = "CwTest.Ui.Shared", "CwTest.Ui.Shared\CwTest.Ui.Shared.csproj", "{9D0B8972-C24B-449D-A3EF-5831A94C2A9C}"
EndProject
Project("{2150E333-8FDC-42A3-9474-1A3956D46DE8}") = "HelperLibraries", "HelperLibraries", "{72D6401D-EB14-443F-8283-0F6A9C0B495A}"
EndProject
Project("{9A19103F-16F7-4668-BE54-9A1E7A4F7556}") = "LoggingLibrary", "LoggingLibrary\LoggingLibrary.csproj", "{9BB0DCDF-6ED0-46A0-A238-859A0F08AE2F}"
EndProject
Project("{2150E333-8FDC-42A3-9474-1A3956D46DE8}") = "DataAccess", "DataAccess", "{57D2EE78-F2E5-4CF2-BB9C-C847782D35A9}"
EndProject
Project("{2150E333-8FDC-42A3-9474-1A3956D46DE8}") = "UI", "UI", "{192A4032-469D-4B3F-B188-0C2B1402473F}"
EndProject
Project("{2150E333-8FDC-42A3-9474-1A3956D46DE8}") = "CoreFunctionality", "CoreFunctionality", "{299ACD0F-6540-4F5F-A062-C020F2CA3CCC}"
EndProject
Project("{9A19103F-16F7-4668-BE54-9A1E7A4F7556}") = "DataServiceProvider.Core", "DataServiceProvider\DataServiceProvider.Core.csproj", "{F1B9BFC8-93FA-4716-A5DE-97E2C6FAF7AB}"
EndProject
Project("{9A19103F-16F7-4668-BE54-9A1E7A4F7556}") = "DataServiceProvider.TestBench", "DataServiceProcider.Sqlite\DataServiceProvider.TestBench.csproj", "{6C103DA6-2330-4AEA-875F-EAA592B27FF4}"
EndProject
Project("{9A19103F-16F7-4668-BE54-9A1E7A4F7556}") = "DataAccess.Core", "DataAccess.Core\DataAccess.Core.csproj", "{C1B96F21-2540-489C-9854-093CB49BA243}"
EndProject
Project("{9A19103F-16F7-4668-BE54-9A1E7A4F7556}") = "DataAccess.Sql", "DataAccess.Sql\DataAccess.Sql.csproj", "{647F7633-576D-4E1A-BB9D-A20BA83425C4}"
EndProject
Project("{9A19103F-16F7-4668-BE54-9A1E7A4F7556}") = "DataAccess.Excel", "DataAccess.Excel\DataAccess.Excel.csproj", "{DF28C7EF-167D-40A2-831B-DFC9C2DA888A}"
EndProject
Project("{9A19103F-16F7-4668-BE54-9A1E7A4F7556}") = "DataAccess.CWTest.Abstraction", "DataAccess.CWTest.Abstraction\DataAccess.CWTest.Abstraction.csproj", "{5FAFBF19-3CDF-4D46-885F-C2B5390228E1}"
EndProject
Project("{FAE04EC0-301F-11D3-BF4B-00C04F79EFBC}") = "ExcelDataTransfer", "ExcelDataTransfer\ExcelDataTransfer.csproj", "{D90B79A8-B398-4F57-A871-B098C46A753A}"
EndProject
Global
	GlobalSection(SolutionConfigurationPlatforms) = preSolution
		Debug|Any CPU = Debug|Any CPU
		Release|Any CPU = Release|Any CPU
	EndGlobalSection
	GlobalSection(ProjectConfigurationPlatforms) = postSolution
		{2AE8F3CF-12A3-4E06-90CD-DA736D4FCF54}.Debug|Any CPU.ActiveCfg = Debug|Any CPU
		{2AE8F3CF-12A3-4E06-90CD-DA736D4FCF54}.Debug|Any CPU.Build.0 = Debug|Any CPU
		{2AE8F3CF-12A3-4E06-90CD-DA736D4FCF54}.Release|Any CPU.ActiveCfg = Release|Any CPU
		{2AE8F3CF-12A3-4E06-90CD-DA736D4FCF54}.Release|Any CPU.Build.0 = Release|Any CPU
		{57928386-773B-42FA-8637-E049BCB5229E}.Debug|Any CPU.ActiveCfg = Debug|Any CPU
		{57928386-773B-42FA-8637-E049BCB5229E}.Debug|Any CPU.Build.0 = Debug|Any CPU
		{57928386-773B-42FA-8637-E049BCB5229E}.Release|Any CPU.ActiveCfg = Release|Any CPU
		{57928386-773B-42FA-8637-E049BCB5229E}.Release|Any CPU.Build.0 = Release|Any CPU
		{9D0B8972-C24B-449D-A3EF-5831A94C2A9C}.Debug|Any CPU.ActiveCfg = Debug|Any CPU
		{9D0B8972-C24B-449D-A3EF-5831A94C2A9C}.Debug|Any CPU.Build.0 = Debug|Any CPU
		{9D0B8972-C24B-449D-A3EF-5831A94C2A9C}.Release|Any CPU.ActiveCfg = Release|Any CPU
		{9D0B8972-C24B-449D-A3EF-5831A94C2A9C}.Release|Any CPU.Build.0 = Release|Any CPU
		{9BB0DCDF-6ED0-46A0-A238-859A0F08AE2F}.Debug|Any CPU.ActiveCfg = Debug|Any CPU
		{9BB0DCDF-6ED0-46A0-A238-859A0F08AE2F}.Debug|Any CPU.Build.0 = Debug|Any CPU
		{9BB0DCDF-6ED0-46A0-A238-859A0F08AE2F}.Release|Any CPU.ActiveCfg = Release|Any CPU
		{9BB0DCDF-6ED0-46A0-A238-859A0F08AE2F}.Release|Any CPU.Build.0 = Release|Any CPU
		{F1B9BFC8-93FA-4716-A5DE-97E2C6FAF7AB}.Debug|Any CPU.ActiveCfg = Debug|Any CPU
		{F1B9BFC8-93FA-4716-A5DE-97E2C6FAF7AB}.Debug|Any CPU.Build.0 = Debug|Any CPU
		{F1B9BFC8-93FA-4716-A5DE-97E2C6FAF7AB}.Release|Any CPU.ActiveCfg = Release|Any CPU
		{F1B9BFC8-93FA-4716-A5DE-97E2C6FAF7AB}.Release|Any CPU.Build.0 = Release|Any CPU
		{6C103DA6-2330-4AEA-875F-EAA592B27FF4}.Debug|Any CPU.ActiveCfg = Debug|Any CPU
		{6C103DA6-2330-4AEA-875F-EAA592B27FF4}.Debug|Any CPU.Build.0 = Debug|Any CPU
		{6C103DA6-2330-4AEA-875F-EAA592B27FF4}.Release|Any CPU.ActiveCfg = Release|Any CPU
		{6C103DA6-2330-4AEA-875F-EAA592B27FF4}.Release|Any CPU.Build.0 = Release|Any CPU
		{C1B96F21-2540-489C-9854-093CB49BA243}.Debug|Any CPU.ActiveCfg = Debug|Any CPU
		{C1B96F21-2540-489C-9854-093CB49BA243}.Debug|Any CPU.Build.0 = Debug|Any CPU
		{C1B96F21-2540-489C-9854-093CB49BA243}.Release|Any CPU.ActiveCfg = Release|Any CPU
		{C1B96F21-2540-489C-9854-093CB49BA243}.Release|Any CPU.Build.0 = Release|Any CPU
		{647F7633-576D-4E1A-BB9D-A20BA83425C4}.Debug|Any CPU.ActiveCfg = Debug|Any CPU
		{647F7633-576D-4E1A-BB9D-A20BA83425C4}.Debug|Any CPU.Build.0 = Debug|Any CPU
		{647F7633-576D-4E1A-BB9D-A20BA83425C4}.Release|Any CPU.ActiveCfg = Release|Any CPU
		{647F7633-576D-4E1A-BB9D-A20BA83425C4}.Release|Any CPU.Build.0 = Release|Any CPU
		{DF28C7EF-167D-40A2-831B-DFC9C2DA888A}.Debug|Any CPU.ActiveCfg = Debug|Any CPU
		{DF28C7EF-167D-40A2-831B-DFC9C2DA888A}.Debug|Any CPU.Build.0 = Debug|Any CPU
		{DF28C7EF-167D-40A2-831B-DFC9C2DA888A}.Release|Any CPU.ActiveCfg = Release|Any CPU
		{DF28C7EF-167D-40A2-831B-DFC9C2DA888A}.Release|Any CPU.Build.0 = Release|Any CPU
		{5FAFBF19-3CDF-4D46-885F-C2B5390228E1}.Debug|Any CPU.ActiveCfg = Debug|Any CPU
		{5FAFBF19-3CDF-4D46-885F-C2B5390228E1}.Debug|Any CPU.Build.0 = Debug|Any CPU
		{5FAFBF19-3CDF-4D46-885F-C2B5390228E1}.Release|Any CPU.ActiveCfg = Release|Any CPU
		{5FAFBF19-3CDF-4D46-885F-C2B5390228E1}.Release|Any CPU.Build.0 = Release|Any CPU
		{D90B79A8-B398-4F57-A871-B098C46A753A}.Debug|Any CPU.ActiveCfg = Debug|Any CPU
		{D90B79A8-B398-4F57-A871-B098C46A753A}.Debug|Any CPU.Build.0 = Debug|Any CPU
		{D90B79A8-B398-4F57-A871-B098C46A753A}.Release|Any CPU.ActiveCfg = Release|Any CPU
		{D90B79A8-B398-4F57-A871-B098C46A753A}.Release|Any CPU.Build.0 = Release|Any CPU
	EndGlobalSection
	GlobalSection(SolutionProperties) = preSolution
		HideSolutionNode = FALSE
	EndGlobalSection
	GlobalSection(NestedProjects) = preSolution
		{2AE8F3CF-12A3-4E06-90CD-DA736D4FCF54} = {192A4032-469D-4B3F-B188-0C2B1402473F}
		{57928386-773B-42FA-8637-E049BCB5229E} = {299ACD0F-6540-4F5F-A062-C020F2CA3CCC}
		{9D0B8972-C24B-449D-A3EF-5831A94C2A9C} = {192A4032-469D-4B3F-B188-0C2B1402473F}
		{9BB0DCDF-6ED0-46A0-A238-859A0F08AE2F} = {72D6401D-EB14-443F-8283-0F6A9C0B495A}
		{F1B9BFC8-93FA-4716-A5DE-97E2C6FAF7AB} = {57D2EE78-F2E5-4CF2-BB9C-C847782D35A9}
		{6C103DA6-2330-4AEA-875F-EAA592B27FF4} = {57D2EE78-F2E5-4CF2-BB9C-C847782D35A9}
		{C1B96F21-2540-489C-9854-093CB49BA243} = {57D2EE78-F2E5-4CF2-BB9C-C847782D35A9}
		{647F7633-576D-4E1A-BB9D-A20BA83425C4} = {57D2EE78-F2E5-4CF2-BB9C-C847782D35A9}
		{DF28C7EF-167D-40A2-831B-DFC9C2DA888A} = {57D2EE78-F2E5-4CF2-BB9C-C847782D35A9}
		{5FAFBF19-3CDF-4D46-885F-C2B5390228E1} = {57D2EE78-F2E5-4CF2-BB9C-C847782D35A9}
		{D90B79A8-B398-4F57-A871-B098C46A753A} = {192A4032-469D-4B3F-B188-0C2B1402473F}
	EndGlobalSection
	GlobalSection(ExtensibilityGlobals) = postSolution
		SolutionGuid = {40B7532D-0446-49FE-AFA2-FF88D026E3FC}
	EndGlobalSection
EndGlobal
